
Microsoft Visual Studio Solution File, Format Version 12.00
# Visual Studio Version 17
VisualStudioVersion = 17.5.002.0
MinimumVisualStudioVersion = 10.0.40219.1
Project("{9A19103F-16F7-4668-BE54-9A1E7A4F7556}") = "portfolio_api", "portfolio_api.csproj", "{B7C64DF2-2197-4D6A-BC9E-6DB751832B01}"
EndProject
Global
	GlobalSection(SolutionConfigurationPlatforms) = preSolution
		Debug|Any CPU = Debug|Any CPU
		Release|Any CPU = Release|Any CPU
	EndGlobalSection
	GlobalSection(ProjectConfigurationPlatforms) = postSolution
		{B7C64DF2-2197-4D6A-BC9E-6DB751832B01}.Debug|Any CPU.ActiveCfg = Debug|Any CPU
		{B7C64DF2-2197-4D6A-BC9E-6DB751832B01}.Debug|Any CPU.Build.0 = Debug|Any CPU
		{B7C64DF2-2197-4D6A-BC9E-6DB751832B01}.Release|Any CPU.ActiveCfg = Release|Any CPU
		{B7C64DF2-2197-4D6A-BC9E-6DB751832B01}.Release|Any CPU.Build.0 = Release|Any CPU
	EndGlobalSection
	GlobalSection(SolutionProperties) = preSolution
		HideSolutionNode = FALSE
	EndGlobalSection
	GlobalSection(ExtensibilityGlobals) = postSolution
		SolutionGuid = {79A332B3-0259-4F11-A468-203ED10E321A}
	EndGlobalSection
EndGlobal
